PODS:
  - Alamofire (5.4.1)
  - AppAuth (1.4.0):
    - AppAuth/Core (= 1.4.0)
    - AppAuth/ExternalUserAgent (= 1.4.0)
  - AppAuth/Core (1.4.0)
  - AppAuth/ExternalUserAgent (1.4.0)
  - FacebookCore (0.9.0):
    - FBSDKCoreKit (~> 5.0)
  - FacebookLogin (0.9.0):
    - FacebookCore (~> 0.9.0)
    - FBSDKCoreKit (~> 5.0)
    - FBSDKLoginKit (~> 5.0)
  - FBSDKCoreKit (5.15.1):
    - FBSDKCoreKit/Basics (= 5.15.1)
    - FBSDKCoreKit/Core (= 5.15.1)
  - FBSDKCoreKit/Basics (5.15.1)
  - FBSDKCoreKit/Core (5.15.1):
    - FBSDKCoreKit/Basics
  - FBSDKLoginKit (5.15.1):
    - FBSDKLoginKit/Login (= 5.15.1)
  - FBSDKLoginKit/Login (5.15.1):
    - FBSDKCoreKit (~> 5.0)
  - Firebase/CoreOnly (7.9.0):
    - FirebaseCore (= 7.9.0)
  - Firebase/Crashlytics (7.9.0):
    - Firebase/CoreOnly
    - FirebaseCrashlytics (~> 7.9.0)
  - FirebaseCore (7.9.0):
    - FirebaseCoreDiagnostics (~> 7.4)
    - GoogleUtilities/Environment (~> 7.0)
    - GoogleUtilities/Logger (~> 7.0)
  - FirebaseCoreDiagnostics (7.9.0):
    - GoogleDataTransport (~> 8.0)
    - GoogleUtilities/Environment (~> 7.0)
    - GoogleUtilities/Logger (~> 7.0)
    - nanopb (~> 2.30907.0)
  - FirebaseCrashlytics (7.9.0):
    - FirebaseCore (~> 7.0)
    - FirebaseInstallations (~> 7.0)
    - GoogleDataTransport (~> 8.0)
    - nanopb (~> 2.30907.0)
    - PromisesObjC (~> 1.2)
  - FirebaseInstallations (7.9.0):
    - FirebaseCore (~> 7.0)
    - GoogleUtilities/Environment (~> 7.0)
    - GoogleUtilities/UserDefaults (~> 7.0)
    - PromisesObjC (~> 1.2)
  - FontAwesome (4.5.0)
  - GoogleDataTransport (8.3.0):
    - GoogleUtilities/Environment (~> 7.2)
    - nanopb (~> 2.30907.0)
    - PromisesObjC (~> 1.2)
  - GoogleSignIn (5.0.2):
    - AppAuth (~> 1.2)
    - GTMAppAuth (~> 1.0)
    - GTMSessionFetcher/Core (~> 1.1)
  - GoogleUtilities/Environment (7.3.1):
    - PromisesObjC (~> 1.2)
  - GoogleUtilities/Logger (7.3.1):
    - GoogleUtilities/Environment
  - GoogleUtilities/UserDefaults (7.3.1):
    - GoogleUtilities/Logger
  - GTMAppAuth (1.1.0):
    - AppAuth/Core (~> 1.4)
    - GTMSessionFetcher (~> 1.4)
  - GTMSessionFetcher (1.5.0):
    - GTMSessionFetcher/Full (= 1.5.0)
  - GTMSessionFetcher/Core (1.5.0)
  - GTMSessionFetcher/Full (1.5.0):
    - GTMSessionFetcher/Core (= 1.5.0)
  - IQKeyboardManagerSwift (6.5.6)
  - LGSideMenuController (2.1.1)
  - LPSnackbar (3.1.0)
  - nanopb (2.30907.0):
    - nanopb/decode (= 2.30907.0)
    - nanopb/encode (= 2.30907.0)
  - nanopb/decode (2.30907.0)
  - nanopb/encode (2.30907.0)
  - PKHUD (5.3.0)
  - PromisesObjC (1.2.12)
  - ReachabilitySwift (5.0.0)
  - RSSelectionMenu (7.1.2)
  - SDWebImage (5.10.2):
    - SDWebImage/Core (= 5.10.2)
  - SDWebImage/Core (5.10.2)
  - SwiftyJSON (4.3.0)
  - WebBrowser (0.1.5)

DEPENDENCIES:
  - Alamofire
  - FacebookCore
  - FacebookLogin
  - Firebase/Crashlytics
  - FontAwesome
  - GoogleSignIn
  - IQKeyboardManagerSwift
  - LGSideMenuController
  - LPSnackbar
  - PKHUD
  - ReachabilitySwift
  - RSSelectionMenu
  - SDWebImage
  - SwiftyJSON (~> 4.0)
  - WebBrowser

SPEC REPOS:
  trunk:
    - Alamofire
    - AppAuth
    - FacebookCore
    - FacebookLogin
    - FBSDKCoreKit
    - FBSDKLoginKit
    - Firebase
    - FirebaseCore
    - FirebaseCoreDiagnostics
    - FirebaseCrashlytics
    - FirebaseInstallations
    - FontAwesome
    - GoogleDataTransport
    - GoogleSignIn
    - GoogleUtilities
    - GTMAppAuth
    - GTMSessionFetcher
    - IQKeyboardManagerSwift
    - LGSideMenuController
    - LPSnackbar
    - nanopb
    - PKHUD
    - PromisesObjC
    - ReachabilitySwift
    - RSSelectionMenu
    - SDWebImage
    - SwiftyJSON
    - WebBrowser

SPEC CHECKSUMS:
  Alamofire: 2291f7d21ca607c491dd17642e5d40fdcda0e65c
  AppAuth: 31bcec809a638d7bd2f86ea8a52bd45f6e81e7c7
  FacebookCore: ba86524b66cfa86d0f8e65d08faa8504a9f732dd
  FacebookLogin: 6cee9fd6e1fe976fe8f7eec199e27b28b14f5d63
  FBSDKCoreKit: 1d5acf7c9d7a2f92bb1a242dc60cae5b7adb91df
  FBSDKLoginKit: f1ea8026a58b52d30c9f2e6a58ca7d813619fb83
  Firebase: d8bd6bd34b4c7ed57bfdd056c66ff5adcdde53ab
  FirebaseCore: 0798738ad1ae0fda67e17c7b9081241c431c6859
  FirebaseCoreDiagnostics: 3d36e05da74cb8b7ce30e6594a8f201b982c725c
  FirebaseCrashlytics: 73cfa8d24d573ed1ff648acce3900df39ca32d77
  FirebaseInstallations: 5e777e6640fa060405cc7632447b6c5ca5af4742
  FontAwesome: dd8c48bf965e771309d8af17c4d8579217b3e756
  GoogleDataTransport: b006084b73915a42c28a3466961a4edda3065da6
  GoogleSignIn: 7137d297ddc022a7e0aa4619c86d72c909fa7213
  GoogleUtilities: e1d9ed4e544fc32a93e00e721400cbc3f377200d
  GTMAppAuth: 197a8dabfea5d665224aa00d17f164fc2248dab9
  GTMSessionFetcher: b3503b20a988c4e20cc189aa798fd18220133f52
  IQKeyboardManagerSwift: c7df9d2deb356c04522f5c4b7b6e4ce4d8ed94fe
  LGSideMenuController: ae40c80983ab8b8801c7cef0a6804d43aaa72d45
  LPSnackbar: 27311158a371484d51fa5eace8bbe7a08eaddcfa
  nanopb: 59221d7f958fb711001e6a449489542d92ae113e
  PKHUD: 98f3e4bc904b9c916f1c5bb6d765365b5357291b
  PromisesObjC: 3113f7f76903778cf4a0586bd1ab89329a0b7b97
  ReachabilitySwift: 985039c6f7b23a1da463388634119492ff86c825
  RSSelectionMenu: f803d0936e074b2fdac2c41bf1d0a5b0c7fdc3e1
  SDWebImage: b969dcfc02c40a5da71eac0b03b8f1a0c794a86f
  SwiftyJSON: 6faa0040f8b59dead0ee07436cbf76b73c08fd08
  WebBrowser: 0248873c77f54e2ac504ece7c2bc8eeb710b5a4f

PODFILE CHECKSUM: eb72b450555b1d2de7ef74dbb560569e96502d02

COCOAPODS: 1.9.1
